
Microsoft Visual Studio Solution File, Format Version 12.00
# Visual Studio Version 16
VisualStudioVersion = 16.0.30406.217
MinimumVisualStudioVersion = 10.0.40219.1
Project("{FAE04EC0-301F-11D3-BF4B-00C04F79EFBC}") = "FruitsBasket08132020", "FruitsBasket08132020.csproj", "{CDB16E0B-4474-4E68-B54A-14E659C59A9F}"
EndProject
Global
	GlobalSection(SolutionConfigurationPlatforms) = preSolution
		Debug|Any CPU = Debug|Any CPU
		Release|Any CPU = Release|Any CPU
	EndGlobalSection
	GlobalSection(ProjectConfigurationPlatforms) = postSolution
		{CDB16E0B-4474-4E68-B54A-14E659C59A9F}.Debug|Any CPU.ActiveCfg = Debug|Any CPU
		{CDB16E0B-4474-4E68-B54A-14E659C59A9F}.Debug|Any CPU.Build.0 = Debug|Any CPU
		{CDB16E0B-4474-4E68-B54A-14E659C59A9F}.Release|Any CPU.ActiveCfg = Release|Any CPU
		{CDB16E0B-4474-4E68-B54A-14E659C59A9F}.Release|Any CPU.Build.0 = Release|Any CPU
	EndGlobalSection
	GlobalSection(SolutionProperties) = preSolution
		HideSolutionNode = FALSE
	EndGlobalSection
	GlobalSection(ExtensibilityGlobals) = postSolution
		SolutionGuid = {4E5B247F-CE27-4A92-8320-6E6291B9A389}
	EndGlobalSection
EndGlobal
